
Microsoft Visual Studio Solution File, Format Version 12.00
# Visual Studio Version 17
VisualStudioVersion = 17.7.34031.279
MinimumVisualStudioVersion = 10.0.40219.1
Project("{FAE04EC0-301F-11D3-BF4B-00C04F79EFBC}") = "FocusLearn", "FocusLearn.csproj", "{A0B2EABB-290B-42D9-819C-911585C859D9}"
EndProject
Global
	GlobalSection(SolutionConfigurationPlatforms) = preSolution
		Debug|Any CPU = Debug|Any CPU
		Release|Any CPU = Release|Any CPU
	EndGlobalSection
	GlobalSection(ProjectConfigurationPlatforms) = postSolution
		{A0B2EABB-290B-42D9-819C-911585C859D9}.Debug|Any CPU.ActiveCfg = Debug|Any CPU
		{A0B2EABB-290B-42D9-819C-911585C859D9}.Debug|Any CPU.Build.0 = Debug|Any CPU
		{A0B2EABB-290B-42D9-819C-911585C859D9}.Release|Any CPU.ActiveCfg = Release|Any CPU
		{A0B2EABB-290B-42D9-819C-911585C859D9}.Release|Any CPU.Build.0 = Release|Any CPU
	EndGlobalSection
	GlobalSection(SolutionProperties) = preSolution
		HideSolutionNode = FALSE
	EndGlobalSection
	GlobalSection(ExtensibilityGlobals) = postSolution
		SolutionGuid = {CCC68DE3-A7E9-431F-9A30-96E0F9A990EF}
	EndGlobalSection
EndGlobal
